
Microsoft Visual Studio Solution File, Format Version 12.00
# Visual Studio Version 16
VisualStudioVersion = 16.0.31313.79
MinimumVisualStudioVersion = 10.0.40219.1
Project("{9A19103F-16F7-4668-BE54-9A1E7A4F7556}") = "OdeToFood.Data", "OdeToFood.Data.csproj", "{CCADA138-2720-4DF7-A105-861593E9E06E}"
EndProject
Global
	GlobalSection(SolutionConfigurationPlatforms) = preSolution
		Debug|Any CPU = Debug|Any CPU
		Release|Any CPU = Release|Any CPU
	EndGlobalSection
	GlobalSection(ProjectConfigurationPlatforms) = postSolution
		{CCADA138-2720-4DF7-A105-861593E9E06E}.Debug|Any CPU.ActiveCfg = Debug|Any CPU
		{CCADA138-2720-4DF7-A105-861593E9E06E}.Debug|Any CPU.Build.0 = Debug|Any CPU
		{CCADA138-2720-4DF7-A105-861593E9E06E}.Release|Any CPU.ActiveCfg = Release|Any CPU
		{CCADA138-2720-4DF7-A105-861593E9E06E}.Release|Any CPU.Build.0 = Release|Any CPU
	EndGlobalSection
	GlobalSection(SolutionProperties) = preSolution
		HideSolutionNode = FALSE
	EndGlobalSection
	GlobalSection(ExtensibilityGlobals) = postSolution
		SolutionGuid = {82BD5C93-94C5-468B-9235-BE66199AFD9C}
	EndGlobalSection
EndGlobal
